<?xml version="1.0" encoding="utf-8"?>
<Project ToolsVersion="4.0" xmlns="http://schemas.microsoft.com/developer/msbuild/2003">
  <ItemGroup>
    <Filter Include="Source Files">
      <UniqueIdentifier>{4FC737F1-C7A5-4376-A066-2A32D752A2FF}</UniqueIdentifier>
      <Extensions>cpp;c;cc;cxx;def;odl;idl;hpj;bat;asm;asmx</Extensions>
    </Filter>
    <Filter Include="Source Files\core">
      <UniqueIdentifier>{d3c052ab-9beb-4c7c-92ea-143db3235b8d}</UniqueIdentifier>
    </Filter>
    <Filter Include="Source Files\cache">
      <UniqueIdentifier>{fae6e153-1a49-4fd9-8cdb-c31a3ce223d0}</UniqueIdentifier>
    </Filter>
    <Filter Include="Header Files">
      <UniqueIdentifier>{93995380-89BD-4b04-88EB-625FBE52EBFB}</UniqueIdentifier>
      <Extensions>h;hpp;hxx;hm;inl;inc;xsd</Extensions>
    </Filter>
    <Filter Include="Header Files\core">
      <UniqueIdentifier>{036c6d5f-b082-4670-84b9-3d489052581f}</UniqueIdentifier>
    </Filter>
    <Filter Include="Header Files\cache">
      <UniqueIdentifier>{48f663c4-6f00-438c-b8e4-0f71042e351c}</UniqueIdentifier>
    </Filter>
    <Filter Include="Resource Files">
      <UniqueIdentifier>{67DA6AB6-F800-4c08-8B7A-83BB121AAD01}</UniqueIdentifier>
      <Extensions>rc;ico;cur;bmp;dlg;rc2;rct;bin;rgs;gif;jpg;jpeg;jpe;resx;tiff;tif;png;wav</Extensions>
    </Filter>
  </ItemGroup>
  <ItemGroup>
    <ClCompile Include="src\core\btbulk.cpp">
      <Filter>Source Files\core</Filter>
    </ClCompile>
    <ClCompile Include="src\core\btiter.cpp">
      <Filter>Source Files\core</Filter>
    </ClCompile>
    <ClCompile Include="src\core\btree.cpp">
      <Filter>Source Files\core</Filter>
    </ClCompile>
    <ClCompile Include="src\core\throwexception.cpp">
      <Filter>Source Files\core</Filter>
    </ClCompile>
    <ClCompile Include="src\cache\btcache.cpp">
      <Filter>Source Files\cache</Filter>
    </ClCompile>
    <ClCompile Include="src\cache\btcacherw.cpp">
      <Filter>Source Files\cache</Filter>
    </ClCompile>
    <ClCompile Include="src\cache\btcacherw2.cpp">
      <Filter>Source Files\cache</Filter>
    </ClCompile>
  </ItemGroup>
  <ItemGroup>
    <ClInclude Include="src\core\btbulk.h">
      <Filter>Header Files\core</Filter>
    </ClInclude>
    <ClInclude Include="src\core\btiter.h">
      <Filter>Header Files\core</Filter>
    </ClInclude>
    <ClInclude Include="src\core\btree.h">
      <Filter>Header Files\core</Filter>
    </ClInclude>
    <ClInclude Include="src\core\throwexception.h">
      <Filter>Header Files\core</Filter>
    </ClInclude>
    <ClInclude Include="src\cache\btcache.h">
      <Filter>Header Files\cache</Filter>
    </ClInclude>
    <ClInclude Include="src\cache\btcacherw.h">
      <Filter>Header Files\cache</Filter>
    </ClInclude>
    <ClInclude Include="src\cache\btcacherw2.h">
      <Filter>Header Files\cache</Filter>
    </ClInclude>
  </ItemGroup>
</Project>